
Microsoft Visual Studio Solution File, Format Version 12.00
# Visual Studio Version 16
VisualStudioVersion = 16.0.30320.27
MinimumVisualStudioVersion = 10.0.40219.1
Project("{FAE04EC0-301F-11D3-BF4B-00C04F79EFBC}") = "Ex01.ApplicationUI", "Ex01.ApplicationUI\Ex01.ApplicationUI.csproj", "{F04F0350-6264-48C0-BB8E-575E436C5920}"
	ProjectSection(ProjectDependencies) = postProject
		{938365D6-7848-46FE-8A6C-950AA1A8C5A8} = {938365D6-7848-46FE-8A6C-950AA1A8C5A8}
	EndProjectSection
EndProject
Project("{FAE04EC0-301F-11D3-BF4B-00C04F79EFBC}") = "Ex01.ApplicationEngine", "Ex01.ApplicationEngine\Ex01.ApplicationEngine.csproj", "{938365D6-7848-46FE-8A6C-950AA1A8C5A8}"
EndProject
Global
	GlobalSection(SolutionConfigurationPlatforms) = preSolution
		Debug|Any CPU = Debug|Any CPU
		Release|Any CPU = Release|Any CPU
	EndGlobalSection
	GlobalSection(ProjectConfigurationPlatforms) = postSolution
		{F04F0350-6264-48C0-BB8E-575E436C5920}.Debug|Any CPU.ActiveCfg = Debug|Any CPU
		{F04F0350-6264-48C0-BB8E-575E436C5920}.Debug|Any CPU.Build.0 = Debug|Any CPU
		{F04F0350-6264-48C0-BB8E-575E436C5920}.Release|Any CPU.ActiveCfg = Release|Any CPU
		{F04F0350-6264-48C0-BB8E-575E436C5920}.Release|Any CPU.Build.0 = Release|Any CPU
		{938365D6-7848-46FE-8A6C-950AA1A8C5A8}.Debug|Any CPU.ActiveCfg = Debug|Any CPU
		{938365D6-7848-46FE-8A6C-950AA1A8C5A8}.Debug|Any CPU.Build.0 = Debug|Any CPU
		{938365D6-7848-46FE-8A6C-950AA1A8C5A8}.Release|Any CPU.ActiveCfg = Release|Any CPU
		{938365D6-7848-46FE-8A6C-950AA1A8C5A8}.Release|Any CPU.Build.0 = Release|Any CPU
	EndGlobalSection
	GlobalSection(SolutionProperties) = preSolution
		HideSolutionNode = FALSE
	EndGlobalSection
	GlobalSection(ExtensibilityGlobals) = postSolution
		SolutionGuid = {E04E33B6-02A0-49EA-AD60-60660FB8CCB1}
	EndGlobalSection
EndGlobal
